
Microsoft Visual Studio Solution File, Format Version 12.00
# Visual Studio Version 16
VisualStudioVersion = 16.0.28803.202
MinimumVisualStudioVersion = 10.0.40219.1
Project("{FAE04EC0-301F-11D3-BF4B-00C04F79EFBC}") = "KolkRogue", "KolkRogue\KolkRogue.csproj", "{E2453BF8-7991-4E4B-9139-30DF45ECC72A}"
EndProject
Global
	GlobalSection(SolutionConfigurationPlatforms) = preSolution
		Debug|Any CPU = Debug|Any CPU
		Release|Any CPU = Release|Any CPU
	EndGlobalSection
	GlobalSection(ProjectConfigurationPlatforms) = postSolution
		{E2453BF8-7991-4E4B-9139-30DF45ECC72A}.Debug|Any CPU.ActiveCfg = Debug|Any CPU
		{E2453BF8-7991-4E4B-9139-30DF45ECC72A}.Debug|Any CPU.Build.0 = Debug|Any CPU
		{E2453BF8-7991-4E4B-9139-30DF45ECC72A}.Release|Any CPU.ActiveCfg = Release|Any CPU
		{E2453BF8-7991-4E4B-9139-30DF45ECC72A}.Release|Any CPU.Build.0 = Release|Any CPU
	EndGlobalSection
	GlobalSection(SolutionProperties) = preSolution
		HideSolutionNode = FALSE
	EndGlobalSection
	GlobalSection(ExtensibilityGlobals) = postSolution
		SolutionGuid = {1FB5F076-BDC4-4CAF-880A-CDF6733E0EC9}
	EndGlobalSection
EndGlobal
